{
  "name": "@hcl-software/domino-rest-samples",
  "version": "0.0.2",
  "lockfileVersion": 3,
  "requires": true,
  "packages": {
    "": {
      "name": "@hcl-software/domino-rest-samples",
      "version": "0.0.2",
      "license": "Apache-2.0",
      "dependencies": {
        "@hcl-software/domino-rest-sdk-node": "../dist"
      },
      "engines": {
        "node": ">18.0.0"
      }
    },
    "../dist": {},
    "node_modules/@hcl-software/domino-rest-sdk-node": {
      "resolved": "../dist",
      "link": true
    }
  }
}
